{
  "name": "liqd-xml-parser",
  "version": "1.0.2",
  "lockfileVersion": 1,
  "requires": true,
  "dependencies": {
    "liqd-parser": {
      "version": "1.2.4",
      "resolved": "https://registry.npmjs.org/liqd-parser/-/liqd-parser-1.2.4.tgz",
      "integrity": "sha512-OKw1lWGWVOgq/DgebVsYlW2OnUDvZKqPvcZqvKlj8h7vdVN4N9z6LPgxb0J2wCKXFluozt7gnoArb9V8dD1UsQ=="
    },
    "liqd-string": {
      "version": "1.0.0",
      "resolved": "https://registry.npmjs.org/liqd-string/-/liqd-string-1.0.0.tgz",
      "integrity": "sha512-yycbebFX3Xnq+794On6bbg9HneScOc/oGZ34X5TOJHiGD6/Gic5b23LhfjUKnMjkWCBBlJXJiKjeffWqKu6/PQ=="
    }
  }
}
