{
  "name": "liqd-xml-parser",
  "version": "1.2.0",
  "lockfileVersion": 1,
  "requires": true,
  "dependencies": {
    "liqd-parser": {
      "version": "1.3.0",
      "resolved": "https://registry.npmjs.org/liqd-parser/-/liqd-parser-1.3.0.tgz",
      "integrity": "sha512-ECpFCP6pxfBAqkPy70jffW55mWZfUNOIwajKGLyXhz0S1VxoHdi49JdHfaN/QRnsD+AHNQEd/t8KWBN6zPXIlA=="
    },
    "liqd-string": {
      "version": "1.0.5",
      "resolved": "https://registry.npmjs.org/liqd-string/-/liqd-string-1.0.5.tgz",
      "integrity": "sha512-4TmmR4IQQTbEGbeKlsAgRPBpvo/csiADdAyUoO6qQXvs8DO+5a5EUwL1wjL9b+pE20J08G8YcH3QQAxoOQM25w=="
    }
  }
}
